
Microsoft Visual Studio Solution File, Format Version 12.00
# Visual Studio Version 17
VisualStudioVersion = 17.3.32922.545
MinimumVisualStudioVersion = 10.0.40219.1
Project("{9A19103F-16F7-4668-BE54-9A1E7A4F7556}") = "Hola.Api", "Hola.Api\Hola.Api.csproj", "{120434E6-6698-444E-B658-241450200F2E}"
EndProject
Project("{9A19103F-16F7-4668-BE54-9A1E7A4F7556}") = "Hola.Core", "Hola.Core\Hola.Core.csproj", "{D1F30AEA-6A0B-4CCE-A4EA-2BAB53341E03}"
EndProject
Project("{9A19103F-16F7-4668-BE54-9A1E7A4F7556}") = "DatabaseCore.Domain", "DatabaseCore.Domain\DatabaseCore.Domain.csproj", "{2CAD2823-BB68-4FC6-9D89-01F03A7E1DFE}"
EndProject
Project("{9A19103F-16F7-4668-BE54-9A1E7A4F7556}") = "DatabaseCore.Infrastructure", "DatabaseCore.Infrastructure\DatabaseCore.Infrastructure.csproj", "{1DF72863-A0AD-49DF-B41C-D0AB596FE8E8}"
EndProject
Project("{2150E333-8FDC-42A3-9474-1A3956D46DE8}") = "YomainBaseEntityStruct", "YomainBaseEntityStruct", "{79E25028-FFD0-4303-BB89-04E2BC7CFA91}"
EndProject
Project("{9A19103F-16F7-4668-BE54-9A1E7A4F7556}") = "EntitiesCommon", "EntitiesCommon\EntitiesCommon.csproj", "{D5DD1724-83FB-439D-BFFA-F30473AD157A}"
EndProject
Project("{2150E333-8FDC-42A3-9474-1A3956D46DE8}") = "Solution Items", "Solution Items", "{BF1F23FB-8DC7-4978-920D-B68D1E9EF896}"
	ProjectSection(SolutionItems) = preProject
		.editorconfig = .editorconfig
	EndProjectSection
EndProject
Project("{9A19103F-16F7-4668-BE54-9A1E7A4F7556}") = "DockerService", "DockerService\DockerService.csproj", "{77583D46-EC36-4D25-AB63-29C4764625D8}"
EndProject
Project("{9A19103F-16F7-4668-BE54-9A1E7A4F7556}") = "APIOcelotGetway", "APIOcelotGetway\APIOcelotGetway.csproj", "{1982FEEC-088D-4AF1-B9FD-898A5DC241C7}"
EndProject
Project("{9A19103F-16F7-4668-BE54-9A1E7A4F7556}") = "SPNApplication", "SPNApplication\SPNApplication.csproj", "{0F21227A-F23D-4C3C-981E-3CED916820C1}"
EndProject
Project("{E53339B2-1760-4266-BCC7-CA923CBCF16C}") = "docker-compose", "docker-compose.dcproj", "{4E030BE0-456B-45CE-A89E-B9AAECB70742}"
EndProject
Project("{9A19103F-16F7-4668-BE54-9A1E7A4F7556}") = "Hola.WebAdmin", "Hola.WebAdmin\Hola.WebAdmin.csproj", "{55AF7E82-A273-409B-94C6-4A735D04830A}"
EndProject
Project("{9A19103F-16F7-4668-BE54-9A1E7A4F7556}") = "Project.Shared", "..\Project.Shared\Project.Shared.csproj", "{1623D829-1038-4151-8EE5-751D44ABAF5C}"
EndProject
Project("{2150E333-8FDC-42A3-9474-1A3956D46DE8}") = "EventAndRabbitMQ", "EventAndRabbitMQ", "{216DFBDC-8021-4524-8705-DA14BD2E2B60}"
EndProject
Project("{9A19103F-16F7-4668-BE54-9A1E7A4F7556}") = "EventBus", "..\EventBus\EventBus.csproj", "{9F2CF2F4-41C3-4891-AB3D-4A2B3B425D2F}"
EndProject
Project("{2150E333-8FDC-42A3-9474-1A3956D46DE8}") = "src", "src", "{FDC0B51C-8EDC-44DD-A34B-7CE5EBCEE6CB}"
	ProjectSection(SolutionItems) = preProject
		user.md = user.md
		vocap.md = vocap.md
	EndProjectSection
EndProject
Project("{9A19103F-16F7-4668-BE54-9A1E7A4F7556}") = "Vocap.Domain", "Vocap.Domain\Vocap.Domain.csproj", "{DBDC316E-6A2F-4AF3-A87F-8D05029BD60F}"
EndProject
Project("{9A19103F-16F7-4668-BE54-9A1E7A4F7556}") = "Vocap.Infrastructure", "Vocap.Infrastructure\Vocap.Infrastructure.csproj", "{E8AB114B-74C7-4299-9921-F1E66FA7DF5E}"
EndProject
Project("{9A19103F-16F7-4668-BE54-9A1E7A4F7556}") = "Vocap.API", "Vocap.API\Vocap.API.csproj", "{1EED951A-9087-4F80-88B9-11164F7439AD}"
EndProject
Project("{9A19103F-16F7-4668-BE54-9A1E7A4F7556}") = "User.API", "User.API\User.API.csproj", "{9852CEB2-0B92-4EA5-B814-7054CF9A2561}"
EndProject
Project("{9A19103F-16F7-4668-BE54-9A1E7A4F7556}") = "User.Domain", "User.Domain\User.Domain.csproj", "{EE0C99A9-7ADA-4787-9E46-E95FA91EE57A}"
EndProject
Project("{9A19103F-16F7-4668-BE54-9A1E7A4F7556}") = "EventBus", "EventBus\EventBus.csproj", "{F973B243-FD4C-45EA-A5E5-D73DEEDBED84}"
EndProject
Global
	GlobalSection(SolutionConfigurationPlatforms) = preSolution
		Debug|Any CPU = Debug|Any CPU
		Release|Any CPU = Release|Any CPU
	EndGlobalSection
	GlobalSection(ProjectConfigurationPlatforms) = postSolution
		{120434E6-6698-444E-B658-241450200F2E}.Debug|Any CPU.ActiveCfg = Debug|Any CPU
		{120434E6-6698-444E-B658-241450200F2E}.Debug|Any CPU.Build.0 = Debug|Any CPU
		{120434E6-6698-444E-B658-241450200F2E}.Release|Any CPU.ActiveCfg = Release|Any CPU
		{120434E6-6698-444E-B658-241450200F2E}.Release|Any CPU.Build.0 = Release|Any CPU
		{D1F30AEA-6A0B-4CCE-A4EA-2BAB53341E03}.Debug|Any CPU.ActiveCfg = Debug|Any CPU
		{D1F30AEA-6A0B-4CCE-A4EA-2BAB53341E03}.Debug|Any CPU.Build.0 = Debug|Any CPU
		{D1F30AEA-6A0B-4CCE-A4EA-2BAB53341E03}.Release|Any CPU.ActiveCfg = Release|Any CPU
		{D1F30AEA-6A0B-4CCE-A4EA-2BAB53341E03}.Release|Any CPU.Build.0 = Release|Any CPU
		{2CAD2823-BB68-4FC6-9D89-01F03A7E1DFE}.Debug|Any CPU.ActiveCfg = Debug|Any CPU
		{2CAD2823-BB68-4FC6-9D89-01F03A7E1DFE}.Debug|Any CPU.Build.0 = Debug|Any CPU
		{2CAD2823-BB68-4FC6-9D89-01F03A7E1DFE}.Release|Any CPU.ActiveCfg = Release|Any CPU
		{2CAD2823-BB68-4FC6-9D89-01F03A7E1DFE}.Release|Any CPU.Build.0 = Release|Any CPU
		{1DF72863-A0AD-49DF-B41C-D0AB596FE8E8}.Debug|Any CPU.ActiveCfg = Debug|Any CPU
		{1DF72863-A0AD-49DF-B41C-D0AB596FE8E8}.Debug|Any CPU.Build.0 = Debug|Any CPU
		{1DF72863-A0AD-49DF-B41C-D0AB596FE8E8}.Release|Any CPU.ActiveCfg = Release|Any CPU
		{1DF72863-A0AD-49DF-B41C-D0AB596FE8E8}.Release|Any CPU.Build.0 = Release|Any CPU
		{D5DD1724-83FB-439D-BFFA-F30473AD157A}.Debug|Any CPU.ActiveCfg = Debug|Any CPU
		{D5DD1724-83FB-439D-BFFA-F30473AD157A}.Debug|Any CPU.Build.0 = Debug|Any CPU
		{D5DD1724-83FB-439D-BFFA-F30473AD157A}.Release|Any CPU.ActiveCfg = Release|Any CPU
		{D5DD1724-83FB-439D-BFFA-F30473AD157A}.Release|Any CPU.Build.0 = Release|Any CPU
		{77583D46-EC36-4D25-AB63-29C4764625D8}.Debug|Any CPU.ActiveCfg = Debug|Any CPU
		{77583D46-EC36-4D25-AB63-29C4764625D8}.Debug|Any CPU.Build.0 = Debug|Any CPU
		{77583D46-EC36-4D25-AB63-29C4764625D8}.Release|Any CPU.ActiveCfg = Release|Any CPU
		{77583D46-EC36-4D25-AB63-29C4764625D8}.Release|Any CPU.Build.0 = Release|Any CPU
		{1982FEEC-088D-4AF1-B9FD-898A5DC241C7}.Debug|Any CPU.ActiveCfg = Debug|Any CPU
		{1982FEEC-088D-4AF1-B9FD-898A5DC241C7}.Debug|Any CPU.Build.0 = Debug|Any CPU
		{1982FEEC-088D-4AF1-B9FD-898A5DC241C7}.Release|Any CPU.ActiveCfg = Release|Any CPU
		{1982FEEC-088D-4AF1-B9FD-898A5DC241C7}.Release|Any CPU.Build.0 = Release|Any CPU
		{0F21227A-F23D-4C3C-981E-3CED916820C1}.Debug|Any CPU.ActiveCfg = Debug|Any CPU
		{0F21227A-F23D-4C3C-981E-3CED916820C1}.Debug|Any CPU.Build.0 = Debug|Any CPU
		{0F21227A-F23D-4C3C-981E-3CED916820C1}.Release|Any CPU.ActiveCfg = Release|Any CPU
		{0F21227A-F23D-4C3C-981E-3CED916820C1}.Release|Any CPU.Build.0 = Release|Any CPU
		{4E030BE0-456B-45CE-A89E-B9AAECB70742}.Debug|Any CPU.ActiveCfg = Debug|Any CPU
		{4E030BE0-456B-45CE-A89E-B9AAECB70742}.Debug|Any CPU.Build.0 = Debug|Any CPU
		{4E030BE0-456B-45CE-A89E-B9AAECB70742}.Release|Any CPU.ActiveCfg = Release|Any CPU
		{4E030BE0-456B-45CE-A89E-B9AAECB70742}.Release|Any CPU.Build.0 = Release|Any CPU
		{55AF7E82-A273-409B-94C6-4A735D04830A}.Debug|Any CPU.ActiveCfg = Debug|Any CPU
		{55AF7E82-A273-409B-94C6-4A735D04830A}.Debug|Any CPU.Build.0 = Debug|Any CPU
		{55AF7E82-A273-409B-94C6-4A735D04830A}.Release|Any CPU.ActiveCfg = Release|Any CPU
		{55AF7E82-A273-409B-94C6-4A735D04830A}.Release|Any CPU.Build.0 = Release|Any CPU
		{1623D829-1038-4151-8EE5-751D44ABAF5C}.Debug|Any CPU.ActiveCfg = Debug|Any CPU
		{1623D829-1038-4151-8EE5-751D44ABAF5C}.Debug|Any CPU.Build.0 = Debug|Any CPU
		{1623D829-1038-4151-8EE5-751D44ABAF5C}.Release|Any CPU.ActiveCfg = Release|Any CPU
		{1623D829-1038-4151-8EE5-751D44ABAF5C}.Release|Any CPU.Build.0 = Release|Any CPU
		{9F2CF2F4-41C3-4891-AB3D-4A2B3B425D2F}.Debug|Any CPU.ActiveCfg = Debug|Any CPU
		{9F2CF2F4-41C3-4891-AB3D-4A2B3B425D2F}.Debug|Any CPU.Build.0 = Debug|Any CPU
		{9F2CF2F4-41C3-4891-AB3D-4A2B3B425D2F}.Release|Any CPU.ActiveCfg = Release|Any CPU
		{9F2CF2F4-41C3-4891-AB3D-4A2B3B425D2F}.Release|Any CPU.Build.0 = Release|Any CPU
		{DBDC316E-6A2F-4AF3-A87F-8D05029BD60F}.Debug|Any CPU.ActiveCfg = Debug|Any CPU
		{DBDC316E-6A2F-4AF3-A87F-8D05029BD60F}.Debug|Any CPU.Build.0 = Debug|Any CPU
		{DBDC316E-6A2F-4AF3-A87F-8D05029BD60F}.Release|Any CPU.ActiveCfg = Release|Any CPU
		{DBDC316E-6A2F-4AF3-A87F-8D05029BD60F}.Release|Any CPU.Build.0 = Release|Any CPU
		{E8AB114B-74C7-4299-9921-F1E66FA7DF5E}.Debug|Any CPU.ActiveCfg = Debug|Any CPU
		{E8AB114B-74C7-4299-9921-F1E66FA7DF5E}.Debug|Any CPU.Build.0 = Debug|Any CPU
		{E8AB114B-74C7-4299-9921-F1E66FA7DF5E}.Release|Any CPU.ActiveCfg = Release|Any CPU
		{E8AB114B-74C7-4299-9921-F1E66FA7DF5E}.Release|Any CPU.Build.0 = Release|Any CPU
		{1EED951A-9087-4F80-88B9-11164F7439AD}.Debug|Any CPU.ActiveCfg = Debug|Any CPU
		{1EED951A-9087-4F80-88B9-11164F7439AD}.Debug|Any CPU.Build.0 = Debug|Any CPU
		{1EED951A-9087-4F80-88B9-11164F7439AD}.Release|Any CPU.ActiveCfg = Release|Any CPU
		{1EED951A-9087-4F80-88B9-11164F7439AD}.Release|Any CPU.Build.0 = Release|Any CPU
		{9852CEB2-0B92-4EA5-B814-7054CF9A2561}.Debug|Any CPU.ActiveCfg = Debug|Any CPU
		{9852CEB2-0B92-4EA5-B814-7054CF9A2561}.Debug|Any CPU.Build.0 = Debug|Any CPU
		{9852CEB2-0B92-4EA5-B814-7054CF9A2561}.Release|Any CPU.ActiveCfg = Release|Any CPU
		{9852CEB2-0B92-4EA5-B814-7054CF9A2561}.Release|Any CPU.Build.0 = Release|Any CPU
		{EE0C99A9-7ADA-4787-9E46-E95FA91EE57A}.Debug|Any CPU.ActiveCfg = Debug|Any CPU
		{EE0C99A9-7ADA-4787-9E46-E95FA91EE57A}.Debug|Any CPU.Build.0 = Debug|Any CPU
		{EE0C99A9-7ADA-4787-9E46-E95FA91EE57A}.Release|Any CPU.ActiveCfg = Release|Any CPU
		{EE0C99A9-7ADA-4787-9E46-E95FA91EE57A}.Release|Any CPU.Build.0 = Release|Any CPU
		{F973B243-FD4C-45EA-A5E5-D73DEEDBED84}.Debug|Any CPU.ActiveCfg = Debug|Any CPU
		{F973B243-FD4C-45EA-A5E5-D73DEEDBED84}.Debug|Any CPU.Build.0 = Debug|Any CPU
		{F973B243-FD4C-45EA-A5E5-D73DEEDBED84}.Release|Any CPU.ActiveCfg = Release|Any CPU
		{F973B243-FD4C-45EA-A5E5-D73DEEDBED84}.Release|Any CPU.Build.0 = Release|Any CPU
	EndGlobalSection
	GlobalSection(SolutionProperties) = preSolution
		HideSolutionNode = FALSE
	EndGlobalSection
	GlobalSection(NestedProjects) = preSolution
		{2CAD2823-BB68-4FC6-9D89-01F03A7E1DFE} = {79E25028-FFD0-4303-BB89-04E2BC7CFA91}
		{1DF72863-A0AD-49DF-B41C-D0AB596FE8E8} = {79E25028-FFD0-4303-BB89-04E2BC7CFA91}
		{1623D829-1038-4151-8EE5-751D44ABAF5C} = {79E25028-FFD0-4303-BB89-04E2BC7CFA91}
		{9F2CF2F4-41C3-4891-AB3D-4A2B3B425D2F} = {216DFBDC-8021-4524-8705-DA14BD2E2B60}
		{DBDC316E-6A2F-4AF3-A87F-8D05029BD60F} = {FDC0B51C-8EDC-44DD-A34B-7CE5EBCEE6CB}
		{E8AB114B-74C7-4299-9921-F1E66FA7DF5E} = {FDC0B51C-8EDC-44DD-A34B-7CE5EBCEE6CB}
		{1EED951A-9087-4F80-88B9-11164F7439AD} = {FDC0B51C-8EDC-44DD-A34B-7CE5EBCEE6CB}
		{9852CEB2-0B92-4EA5-B814-7054CF9A2561} = {FDC0B51C-8EDC-44DD-A34B-7CE5EBCEE6CB}
		{EE0C99A9-7ADA-4787-9E46-E95FA91EE57A} = {FDC0B51C-8EDC-44DD-A34B-7CE5EBCEE6CB}
		{F973B243-FD4C-45EA-A5E5-D73DEEDBED84} = {FDC0B51C-8EDC-44DD-A34B-7CE5EBCEE6CB}
	EndGlobalSection
	GlobalSection(ExtensibilityGlobals) = postSolution
		SolutionGuid = {4A6CA6BE-40D7-410E-8166-15A8101BE80A}
	EndGlobalSection
EndGlobal
